
Microsoft Visual Studio Solution File, Format Version 12.00
# Visual Studio Version 16
VisualStudioVersion = 16.0.28803.156
MinimumVisualStudioVersion = 10.0.40219.1
Project("{FAE04EC0-301F-11D3-BF4B-00C04F79EFBC}") = "Assignment_2", "Assignment_2.csproj", "{5282592B-D3F6-4864-8AF0-C2A8A549FBDA}"
EndProject
Global
	GlobalSection(SolutionConfigurationPlatforms) = preSolution
		Debug|Any CPU = Debug|Any CPU
		Release|Any CPU = Release|Any CPU
	EndGlobalSection
	GlobalSection(ProjectConfigurationPlatforms) = postSolution
		{5282592B-D3F6-4864-8AF0-C2A8A549FBDA}.Debug|Any CPU.ActiveCfg = Debug|Any CPU
		{5282592B-D3F6-4864-8AF0-C2A8A549FBDA}.Debug|Any CPU.Build.0 = Debug|Any CPU
		{5282592B-D3F6-4864-8AF0-C2A8A549FBDA}.Release|Any CPU.ActiveCfg = Release|Any CPU
		{5282592B-D3F6-4864-8AF0-C2A8A549FBDA}.Release|Any CPU.Build.0 = Release|Any CPU
	EndGlobalSection
	GlobalSection(SolutionProperties) = preSolution
		HideSolutionNode = FALSE
	EndGlobalSection
	GlobalSection(ExtensibilityGlobals) = postSolution
		SolutionGuid = {F9C19C5F-374D-4A17-8E12-CD15950416D8}
	EndGlobalSection
EndGlobal
